Microsoft Visual Studio Solution File, Format Version 10.00
# Visual Studio 2008
Project("{2150E333-8FDC-42A3-9474-1A3956D46DE8}") = "Solution Items", "Solution Items", "{000D6568-33B9-4B09-A69C-AFC8872682D2}"
	ProjectSection(SolutionItems) = preProject
		build.hpp = build.hpp
		build.lua = build.lua
		persist.txt = persist.txt
	EndProjectSection
EndProject
Project("{2150E333-8FDC-42A3-9474-1A3956D46DE8}") = "assert", "assert", "{5B580184-7AE3-4088-B2C6-F69A340894CF}"
EndProject
Project("{2150E333-8FDC-42A3-9474-1A3956D46DE8}") = "error", "error", "{64B915DB-33E3-40B9-9137-76B2C4C60D7F}"
EndProject
Project("{2150E333-8FDC-42A3-9474-1A3956D46DE8}") = "path", "path", "{012F5302-3B62-4C03-BBBD-30BE5EEC6B0F}"
EndProject
Project("{2150E333-8FDC-42A3-9474-1A3956D46DE8}") = "persist", "persist", "{8CCC2785-E97A-42A0-9A88-61C8249419B3}"
EndProject
Project("{2150E333-8FDC-42A3-9474-1A3956D46DE8}") = "unit", "unit", "{E2255C3B-E96E-4271-93EA-1726CE367A6F}"
EndProject
Project("{8BC9CEB8-8B4A-11D0-8D11-00A0C91BC942}") = "assert", "assert\assert.vcproj", "{DEBAA07A-F0D4-4886-A762-36E90DAC3BC9}"
EndProject
Project("{8BC9CEB8-8B4A-11D0-8D11-00A0C91BC942}") = "error", "error\error.vcproj", "{23AC11CD-67A9-4424-A424-F75863A461E3}"
EndProject
Project("{8BC9CEB8-8B4A-11D0-8D11-00A0C91BC942}") = "error_test", "error\error_test\error_test.vcproj", "{AF031C3E-2377-4ACE-868E-9AA0C07EB684}"
EndProject
Project("{8BC9CEB8-8B4A-11D0-8D11-00A0C91BC942}") = "path", "path\path.vcproj", "{FFEEFD08-E564-4BD6-BA86-3BCD0B46FD3C}"
EndProject
Project("{8BC9CEB8-8B4A-11D0-8D11-00A0C91BC942}") = "path_test", "path\path_test\path_test.vcproj", "{CC3FC3F1-4AD2-4E1C-8A00-1D65EFB94018}"
EndProject
Project("{8BC9CEB8-8B4A-11D0-8D11-00A0C91BC942}") = "persist", "persist\persist.vcproj", "{7BA35131-9F4F-4AD4-AE63-18DA75779BC6}"
EndProject
Project("{8BC9CEB8-8B4A-11D0-8D11-00A0C91BC942}") = "persist_examples", "persist\persist_examples\persist_examples.vcproj", "{22C0E092-3C71-4E67-A006-107672177120}"
EndProject
Project("{8BC9CEB8-8B4A-11D0-8D11-00A0C91BC942}") = "persist_test", "persist\persist_test\persist_test.vcproj", "{C034CA87-4751-49F5-8AA5-5E2FDD66030D}"
EndProject
Project("{8BC9CEB8-8B4A-11D0-8D11-00A0C91BC942}") = "unit_test", "unit\unit_test\unit_test.vcproj", "{1572B5DE-A4FC-43B0-AA0B-4978CDBBE6FD}"
EndProject
Project("{8BC9CEB8-8B4A-11D0-8D11-00A0C91BC942}") = "libUnitTest", "unit\libUnitTest.vcproj", "{1DAAE808-A910-480C-9A7D-E726CE296384}"
EndProject
Project("{8BC9CEB8-8B4A-11D0-8D11-00A0C91BC942}") = "rtti", "rtti\rtti.vcproj", "{700314B3-E8EA-4908-9BD2-355C247B0345}"
EndProject
Project("{2150E333-8FDC-42A3-9474-1A3956D46DE8}") = "rtti", "rtti", "{4B24355F-7250-440E-90A9-13FAC49322E3}"
EndProject
Global
	GlobalSection(SolutionConfigurationPlatforms) = preSolution
		mingw_debug_dll|Win32 = mingw_debug_dll|Win32
		mingw_debug|Win32 = mingw_debug|Win32
		mingw_release_dll|Win32 = mingw_release_dll|Win32
		mingw_release|Win32 = mingw_release|Win32
		mingw_shipping_dll|Win32 = mingw_shipping_dll|Win32
		mingw_shipping|Win32 = mingw_shipping|Win32
		msvc_debug_dll|Win32 = msvc_debug_dll|Win32
		msvc_debug|Win32 = msvc_debug|Win32
		msvc_release_dll|Win32 = msvc_release_dll|Win32
		msvc_release|Win32 = msvc_release|Win32
		msvc_shipping_dll|Win32 = msvc_shipping_dll|Win32
		msvc_shipping|Win32 = msvc_shipping|Win32
	EndGlobalSection
	GlobalSection(ProjectConfigurationPlatforms) = postSolution
		{DEBAA07A-F0D4-4886-A762-36E90DAC3BC9}.mingw_debug_dll|Win32.ActiveCfg = mingw_debug_dll|Win32
		{DEBAA07A-F0D4-4886-A762-36E90DAC3BC9}.mingw_debug_dll|Win32.Build.0 = mingw_debug_dll|Win32
		{DEBAA07A-F0D4-4886-A762-36E90DAC3BC9}.mingw_debug|Win32.ActiveCfg = mingw_debug|Win32
		{DEBAA07A-F0D4-4886-A762-36E90DAC3BC9}.mingw_debug|Win32.Build.0 = mingw_debug|Win32
		{DEBAA07A-F0D4-4886-A762-36E90DAC3BC9}.mingw_release_dll|Win32.ActiveCfg = mingw_release_dll|Win32
		{DEBAA07A-F0D4-4886-A762-36E90DAC3BC9}.mingw_release_dll|Win32.Build.0 = mingw_release_dll|Win32
		{DEBAA07A-F0D4-4886-A762-36E90DAC3BC9}.mingw_release|Win32.ActiveCfg = mingw_release|Win32
		{DEBAA07A-F0D4-4886-A762-36E90DAC3BC9}.mingw_release|Win32.Build.0 = mingw_release|Win32
		{DEBAA07A-F0D4-4886-A762-36E90DAC3BC9}.mingw_shipping_dll|Win32.ActiveCfg = mingw_shipping_dll|Win32
		{DEBAA07A-F0D4-4886-A762-36E90DAC3BC9}.mingw_shipping_dll|Win32.Build.0 = mingw_shipping_dll|Win32
		{DEBAA07A-F0D4-4886-A762-36E90DAC3BC9}.mingw_shipping|Win32.ActiveCfg = mingw_shipping|Win32
		{DEBAA07A-F0D4-4886-A762-36E90DAC3BC9}.mingw_shipping|Win32.Build.0 = mingw_shipping|Win32
		{DEBAA07A-F0D4-4886-A762-36E90DAC3BC9}.msvc_debug_dll|Win32.ActiveCfg = msvc_debug_dll|Win32
		{DEBAA07A-F0D4-4886-A762-36E90DAC3BC9}.msvc_debug_dll|Win32.Build.0 = msvc_debug_dll|Win32
		{DEBAA07A-F0D4-4886-A762-36E90DAC3BC9}.msvc_debug|Win32.ActiveCfg = msvc_debug|Win32
		{DEBAA07A-F0D4-4886-A762-36E90DAC3BC9}.msvc_debug|Win32.Build.0 = msvc_debug|Win32
		{DEBAA07A-F0D4-4886-A762-36E90DAC3BC9}.msvc_release_dll|Win32.ActiveCfg = msvc_release_dll|Win32
		{DEBAA07A-F0D4-4886-A762-36E90DAC3BC9}.msvc_release_dll|Win32.Build.0 = msvc_release_dll|Win32
		{DEBAA07A-F0D4-4886-A762-36E90DAC3BC9}.msvc_release|Win32.ActiveCfg = msvc_release|Win32
		{DEBAA07A-F0D4-4886-A762-36E90DAC3BC9}.msvc_release|Win32.Build.0 = msvc_release|Win32
		{DEBAA07A-F0D4-4886-A762-36E90DAC3BC9}.msvc_shipping_dll|Win32.ActiveCfg = msvc_shipping_dll|Win32
		{DEBAA07A-F0D4-4886-A762-36E90DAC3BC9}.msvc_shipping_dll|Win32.Build.0 = msvc_shipping_dll|Win32
		{DEBAA07A-F0D4-4886-A762-36E90DAC3BC9}.msvc_shipping|Win32.ActiveCfg = msvc_shipping|Win32
		{DEBAA07A-F0D4-4886-A762-36E90DAC3BC9}.msvc_shipping|Win32.Build.0 = msvc_shipping|Win32
		{23AC11CD-67A9-4424-A424-F75863A461E3}.mingw_debug_dll|Win32.ActiveCfg = mingw_debug_dll|Win32
		{23AC11CD-67A9-4424-A424-F75863A461E3}.mingw_debug_dll|Win32.Build.0 = mingw_debug_dll|Win32
		{23AC11CD-67A9-4424-A424-F75863A461E3}.mingw_debug|Win32.ActiveCfg = mingw_debug|Win32
		{23AC11CD-67A9-4424-A424-F75863A461E3}.mingw_debug|Win32.Build.0 = mingw_debug|Win32
		{23AC11CD-67A9-4424-A424-F75863A461E3}.mingw_release_dll|Win32.ActiveCfg = mingw_release_dll|Win32
		{23AC11CD-67A9-4424-A424-F75863A461E3}.mingw_release_dll|Win32.Build.0 = mingw_release_dll|Win32
		{23AC11CD-67A9-4424-A424-F75863A461E3}.mingw_release|Win32.ActiveCfg = mingw_release|Win32
		{23AC11CD-67A9-4424-A424-F75863A461E3}.mingw_release|Win32.Build.0 = mingw_release|Win32
		{23AC11CD-67A9-4424-A424-F75863A461E3}.mingw_shipping_dll|Win32.ActiveCfg = mingw_shipping_dll|Win32
		{23AC11CD-67A9-4424-A424-F75863A461E3}.mingw_shipping_dll|Win32.Build.0 = mingw_shipping_dll|Win32
		{23AC11CD-67A9-4424-A424-F75863A461E3}.mingw_shipping|Win32.ActiveCfg = mingw_shipping|Win32
		{23AC11CD-67A9-4424-A424-F75863A461E3}.mingw_shipping|Win32.Build.0 = mingw_shipping|Win32
		{23AC11CD-67A9-4424-A424-F75863A461E3}.msvc_debug_dll|Win32.ActiveCfg = msvc_debug_dll|Win32
		{23AC11CD-67A9-4424-A424-F75863A461E3}.msvc_debug_dll|Win32.Build.0 = msvc_debug_dll|Win32
		{23AC11CD-67A9-4424-A424-F75863A461E3}.msvc_debug|Win32.ActiveCfg = msvc_debug|Win32
		{23AC11CD-67A9-4424-A424-F75863A461E3}.msvc_debug|Win32.Build.0 = msvc_debug|Win32
		{23AC11CD-67A9-4424-A424-F75863A461E3}.msvc_release_dll|Win32.ActiveCfg = msvc_release_dll|Win32
		{23AC11CD-67A9-4424-A424-F75863A461E3}.msvc_release_dll|Win32.Build.0 = msvc_release_dll|Win32
		{23AC11CD-67A9-4424-A424-F75863A461E3}.msvc_release|Win32.ActiveCfg = msvc_release|Win32
		{23AC11CD-67A9-4424-A424-F75863A461E3}.msvc_release|Win32.Build.0 = msvc_release|Win32
		{23AC11CD-67A9-4424-A424-F75863A461E3}.msvc_shipping_dll|Win32.ActiveCfg = msvc_shipping_dll|Win32
		{23AC11CD-67A9-4424-A424-F75863A461E3}.msvc_shipping_dll|Win32.Build.0 = msvc_shipping_dll|Win32
		{23AC11CD-67A9-4424-A424-F75863A461E3}.msvc_shipping|Win32.ActiveCfg = msvc_shipping|Win32
		{23AC11CD-67A9-4424-A424-F75863A461E3}.msvc_shipping|Win32.Build.0 = msvc_shipping|Win32
		{AF031C3E-2377-4ACE-868E-9AA0C07EB684}.mingw_debug_dll|Win32.ActiveCfg = mingw_debug_dll|Win32
		{AF031C3E-2377-4ACE-868E-9AA0C07EB684}.mingw_debug_dll|Win32.Build.0 = mingw_debug_dll|Win32
		{AF031C3E-2377-4ACE-868E-9AA0C07EB684}.mingw_debug|Win32.ActiveCfg = mingw_debug|Win32
		{AF031C3E-2377-4ACE-868E-9AA0C07EB684}.mingw_debug|Win32.Build.0 = mingw_debug|Win32
		{AF031C3E-2377-4ACE-868E-9AA0C07EB684}.mingw_release_dll|Win32.ActiveCfg = mingw_release_dll|Win32
		{AF031C3E-2377-4ACE-868E-9AA0C07EB684}.mingw_release_dll|Win32.Build.0 = mingw_release_dll|Win32
		{AF031C3E-2377-4ACE-868E-9AA0C07EB684}.mingw_release|Win32.ActiveCfg = mingw_release|Win32
		{AF031C3E-2377-4ACE-868E-9AA0C07EB684}.mingw_release|Win32.Build.0 = mingw_release|Win32
		{AF031C3E-2377-4ACE-868E-9AA0C07EB684}.mingw_shipping_dll|Win32.ActiveCfg = mingw_shipping_dll|Win32
		{AF031C3E-2377-4ACE-868E-9AA0C07EB684}.mingw_shipping_dll|Win32.Build.0 = mingw_shipping_dll|Win32
		{AF031C3E-2377-4ACE-868E-9AA0C07EB684}.mingw_shipping|Win32.ActiveCfg = mingw_shipping|Win32
		{AF031C3E-2377-4ACE-868E-9AA0C07EB684}.mingw_shipping|Win32.Build.0 = mingw_shipping|Win32
		{AF031C3E-2377-4ACE-868E-9AA0C07EB684}.msvc_debug_dll|Win32.ActiveCfg = msvc_debug_dll|Win32
		{AF031C3E-2377-4ACE-868E-9AA0C07EB684}.msvc_debug_dll|Win32.Build.0 = msvc_debug_dll|Win32
		{AF031C3E-2377-4ACE-868E-9AA0C07EB684}.msvc_debug|Win32.ActiveCfg = msvc_debug|Win32
		{AF031C3E-2377-4ACE-868E-9AA0C07EB684}.msvc_debug|Win32.Build.0 = msvc_debug|Win32
		{AF031C3E-2377-4ACE-868E-9AA0C07EB684}.msvc_release_dll|Win32.ActiveCfg = msvc_release_dll|Win32
		{AF031C3E-2377-4ACE-868E-9AA0C07EB684}.msvc_release_dll|Win32.Build.0 = msvc_release_dll|Win32
		{AF031C3E-2377-4ACE-868E-9AA0C07EB684}.msvc_release|Win32.ActiveCfg = msvc_release|Win32
		{AF031C3E-2377-4ACE-868E-9AA0C07EB684}.msvc_release|Win32.Build.0 = msvc_release|Win32
		{AF031C3E-2377-4ACE-868E-9AA0C07EB684}.msvc_shipping_dll|Win32.ActiveCfg = msvc_shipping_dll|Win32
		{AF031C3E-2377-4ACE-868E-9AA0C07EB684}.msvc_shipping_dll|Win32.Build.0 = msvc_shipping_dll|Win32
		{AF031C3E-2377-4ACE-868E-9AA0C07EB684}.msvc_shipping|Win32.ActiveCfg = msvc_shipping|Win32
		{AF031C3E-2377-4ACE-868E-9AA0C07EB684}.msvc_shipping|Win32.Build.0 = msvc_shipping|Win32
		{FFEEFD08-E564-4BD6-BA86-3BCD0B46FD3C}.mingw_debug_dll|Win32.ActiveCfg = mingw_debug_dll|Win32
		{FFEEFD08-E564-4BD6-BA86-3BCD0B46FD3C}.mingw_debug_dll|Win32.Build.0 = mingw_debug_dll|Win32
		{FFEEFD08-E564-4BD6-BA86-3BCD0B46FD3C}.mingw_debug|Win32.ActiveCfg = mingw_debug|Win32
		{FFEEFD08-E564-4BD6-BA86-3BCD0B46FD3C}.mingw_debug|Win32.Build.0 = mingw_debug|Win32
		{FFEEFD08-E564-4BD6-BA86-3BCD0B46FD3C}.mingw_release_dll|Win32.ActiveCfg = mingw_release_dll|Win32
		{FFEEFD08-E564-4BD6-BA86-3BCD0B46FD3C}.mingw_release_dll|Win32.Build.0 = mingw_release_dll|Win32
		{FFEEFD08-E564-4BD6-BA86-3BCD0B46FD3C}.mingw_release|Win32.ActiveCfg = mingw_release|Win32
		{FFEEFD08-E564-4BD6-BA86-3BCD0B46FD3C}.mingw_release|Win32.Build.0 = mingw_release|Win32
		{FFEEFD08-E564-4BD6-BA86-3BCD0B46FD3C}.mingw_shipping_dll|Win32.ActiveCfg = mingw_shipping_dll|Win32
		{FFEEFD08-E564-4BD6-BA86-3BCD0B46FD3C}.mingw_shipping_dll|Win32.Build.0 = mingw_shipping_dll|Win32
		{FFEEFD08-E564-4BD6-BA86-3BCD0B46FD3C}.mingw_shipping|Win32.ActiveCfg = mingw_shipping|Win32
		{FFEEFD08-E564-4BD6-BA86-3BCD0B46FD3C}.mingw_shipping|Win32.Build.0 = mingw_shipping|Win32
		{FFEEFD08-E564-4BD6-BA86-3BCD0B46FD3C}.msvc_debug_dll|Win32.ActiveCfg = msvc_debug_dll|Win32
		{FFEEFD08-E564-4BD6-BA86-3BCD0B46FD3C}.msvc_debug_dll|Win32.Build.0 = msvc_debug_dll|Win32
		{FFEEFD08-E564-4BD6-BA86-3BCD0B46FD3C}.msvc_debug|Win32.ActiveCfg = msvc_debug|Win32
		{FFEEFD08-E564-4BD6-BA86-3BCD0B46FD3C}.msvc_debug|Win32.Build.0 = msvc_debug|Win32
		{FFEEFD08-E564-4BD6-BA86-3BCD0B46FD3C}.msvc_release_dll|Win32.ActiveCfg = msvc_release_dll|Win32
		{FFEEFD08-E564-4BD6-BA86-3BCD0B46FD3C}.msvc_release_dll|Win32.Build.0 = msvc_release_dll|Win32
		{FFEEFD08-E564-4BD6-BA86-3BCD0B46FD3C}.msvc_release|Win32.ActiveCfg = msvc_release|Win32
		{FFEEFD08-E564-4BD6-BA86-3BCD0B46FD3C}.msvc_release|Win32.Build.0 = msvc_release|Win32
		{FFEEFD08-E564-4BD6-BA86-3BCD0B46FD3C}.msvc_shipping_dll|Win32.ActiveCfg = msvc_shipping_dll|Win32
		{FFEEFD08-E564-4BD6-BA86-3BCD0B46FD3C}.msvc_shipping_dll|Win32.Build.0 = msvc_shipping_dll|Win32
		{FFEEFD08-E564-4BD6-BA86-3BCD0B46FD3C}.msvc_shipping|Win32.ActiveCfg = msvc_shipping|Win32
		{FFEEFD08-E564-4BD6-BA86-3BCD0B46FD3C}.msvc_shipping|Win32.Build.0 = msvc_shipping|Win32
		{CC3FC3F1-4AD2-4E1C-8A00-1D65EFB94018}.mingw_debug_dll|Win32.ActiveCfg = mingw_debug_dll|Win32
		{CC3FC3F1-4AD2-4E1C-8A00-1D65EFB94018}.mingw_debug_dll|Win32.Build.0 = mingw_debug_dll|Win32
		{CC3FC3F1-4AD2-4E1C-8A00-1D65EFB94018}.mingw_debug|Win32.ActiveCfg = mingw_debug|Win32
		{CC3FC3F1-4AD2-4E1C-8A00-1D65EFB94018}.mingw_debug|Win32.Build.0 = mingw_debug|Win32
		{CC3FC3F1-4AD2-4E1C-8A00-1D65EFB94018}.mingw_release_dll|Win32.ActiveCfg = mingw_release_dll|Win32
		{CC3FC3F1-4AD2-4E1C-8A00-1D65EFB94018}.mingw_release_dll|Win32.Build.0 = mingw_release_dll|Win32
		{CC3FC3F1-4AD2-4E1C-8A00-1D65EFB94018}.mingw_release|Win32.ActiveCfg = mingw_release|Win32
		{CC3FC3F1-4AD2-4E1C-8A00-1D65EFB94018}.mingw_release|Win32.Build.0 = mingw_release|Win32
		{CC3FC3F1-4AD2-4E1C-8A00-1D65EFB94018}.mingw_shipping_dll|Win32.ActiveCfg = mingw_shipping_dll|Win32
		{CC3FC3F1-4AD2-4E1C-8A00-1D65EFB94018}.mingw_shipping_dll|Win32.Build.0 = mingw_shipping_dll|Win32
		{CC3FC3F1-4AD2-4E1C-8A00-1D65EFB94018}.mingw_shipping|Win32.ActiveCfg = mingw_shipping|Win32
		{CC3FC3F1-4AD2-4E1C-8A00-1D65EFB94018}.mingw_shipping|Win32.Build.0 = mingw_shipping|Win32
		{CC3FC3F1-4AD2-4E1C-8A00-1D65EFB94018}.msvc_debug_dll|Win32.ActiveCfg = msvc_debug_dll|Win32
		{CC3FC3F1-4AD2-4E1C-8A00-1D65EFB94018}.msvc_debug_dll|Win32.Build.0 = msvc_debug_dll|Win32
		{CC3FC3F1-4AD2-4E1C-8A00-1D65EFB94018}.msvc_debug|Win32.ActiveCfg = msvc_debug|Win32
		{CC3FC3F1-4AD2-4E1C-8A00-1D65EFB94018}.msvc_debug|Win32.Build.0 = msvc_debug|Win32
		{CC3FC3F1-4AD2-4E1C-8A00-1D65EFB94018}.msvc_release_dll|Win32.ActiveCfg = msvc_release_dll|Win32
		{CC3FC3F1-4AD2-4E1C-8A00-1D65EFB94018}.msvc_release_dll|Win32.Build.0 = msvc_release_dll|Win32
		{CC3FC3F1-4AD2-4E1C-8A00-1D65EFB94018}.msvc_release|Win32.ActiveCfg = msvc_release|Win32
		{CC3FC3F1-4AD2-4E1C-8A00-1D65EFB94018}.msvc_release|Win32.Build.0 = msvc_release|Win32
		{CC3FC3F1-4AD2-4E1C-8A00-1D65EFB94018}.msvc_shipping_dll|Win32.ActiveCfg = msvc_shipping_dll|Win32
		{CC3FC3F1-4AD2-4E1C-8A00-1D65EFB94018}.msvc_shipping_dll|Win32.Build.0 = msvc_shipping_dll|Win32
		{CC3FC3F1-4AD2-4E1C-8A00-1D65EFB94018}.msvc_shipping|Win32.ActiveCfg = msvc_shipping|Win32
		{CC3FC3F1-4AD2-4E1C-8A00-1D65EFB94018}.msvc_shipping|Win32.Build.0 = msvc_shipping|Win32
		{7BA35131-9F4F-4AD4-AE63-18DA75779BC6}.mingw_debug_dll|Win32.ActiveCfg = mingw_debug_dll|Win32
		{7BA35131-9F4F-4AD4-AE63-18DA75779BC6}.mingw_debug_dll|Win32.Build.0 = mingw_debug_dll|Win32
		{7BA35131-9F4F-4AD4-AE63-18DA75779BC6}.mingw_debug|Win32.ActiveCfg = mingw_debug|Win32
		{7BA35131-9F4F-4AD4-AE63-18DA75779BC6}.mingw_debug|Win32.Build.0 = mingw_debug|Win32
		{7BA35131-9F4F-4AD4-AE63-18DA75779BC6}.mingw_release_dll|Win32.ActiveCfg = mingw_release_dll|Win32
		{7BA35131-9F4F-4AD4-AE63-18DA75779BC6}.mingw_release_dll|Win32.Build.0 = mingw_release_dll|Win32
		{7BA35131-9F4F-4AD4-AE63-18DA75779BC6}.mingw_release|Win32.ActiveCfg = mingw_release|Win32
		{7BA35131-9F4F-4AD4-AE63-18DA75779BC6}.mingw_release|Win32.Build.0 = mingw_release|Win32
		{7BA35131-9F4F-4AD4-AE63-18DA75779BC6}.mingw_shipping_dll|Win32.ActiveCfg = mingw_shipping_dll|Win32
		{7BA35131-9F4F-4AD4-AE63-18DA75779BC6}.mingw_shipping_dll|Win32.Build.0 = mingw_shipping_dll|Win32
		{7BA35131-9F4F-4AD4-AE63-18DA75779BC6}.mingw_shipping|Win32.ActiveCfg = mingw_shipping|Win32
		{7BA35131-9F4F-4AD4-AE63-18DA75779BC6}.mingw_shipping|Win32.Build.0 = mingw_shipping|Win32
		{7BA35131-9F4F-4AD4-AE63-18DA75779BC6}.msvc_debug_dll|Win32.ActiveCfg = msvc_debug_dll|Win32
		{7BA35131-9F4F-4AD4-AE63-18DA75779BC6}.msvc_debug_dll|Win32.Build.0 = msvc_debug_dll|Win32
		{7BA35131-9F4F-4AD4-AE63-18DA75779BC6}.msvc_debug|Win32.ActiveCfg = msvc_debug|Win32
		{7BA35131-9F4F-4AD4-AE63-18DA75779BC6}.msvc_debug|Win32.Build.0 = msvc_debug|Win32
		{7BA35131-9F4F-4AD4-AE63-18DA75779BC6}.msvc_release_dll|Win32.ActiveCfg = msvc_release_dll|Win32
		{7BA35131-9F4F-4AD4-AE63-18DA75779BC6}.msvc_release_dll|Win32.Build.0 = msvc_release_dll|Win32
		{7BA35131-9F4F-4AD4-AE63-18DA75779BC6}.msvc_release|Win32.ActiveCfg = msvc_release|Win32
		{7BA35131-9F4F-4AD4-AE63-18DA75779BC6}.msvc_release|Win32.Build.0 = msvc_release|Win32
		{7BA35131-9F4F-4AD4-AE63-18DA75779BC6}.msvc_shipping_dll|Win32.ActiveCfg = msvc_shipping_dll|Win32
		{7BA35131-9F4F-4AD4-AE63-18DA75779BC6}.msvc_shipping_dll|Win32.Build.0 = msvc_shipping_dll|Win32
		{7BA35131-9F4F-4AD4-AE63-18DA75779BC6}.msvc_shipping|Win32.ActiveCfg = msvc_shipping|Win32
		{7BA35131-9F4F-4AD4-AE63-18DA75779BC6}.msvc_shipping|Win32.Build.0 = msvc_shipping|Win32
		{22C0E092-3C71-4E67-A006-107672177120}.mingw_debug_dll|Win32.ActiveCfg = mingw_debug_dll|Win32
		{22C0E092-3C71-4E67-A006-107672177120}.mingw_debug_dll|Win32.Build.0 = mingw_debug_dll|Win32
		{22C0E092-3C71-4E67-A006-107672177120}.mingw_debug|Win32.ActiveCfg = mingw_debug|Win32
		{22C0E092-3C71-4E67-A006-107672177120}.mingw_debug|Win32.Build.0 = mingw_debug|Win32
		{22C0E092-3C71-4E67-A006-107672177120}.mingw_release_dll|Win32.ActiveCfg = mingw_release_dll|Win32
		{22C0E092-3C71-4E67-A006-107672177120}.mingw_release_dll|Win32.Build.0 = mingw_release_dll|Win32
		{22C0E092-3C71-4E67-A006-107672177120}.mingw_release|Win32.ActiveCfg = mingw_release|Win32
		{22C0E092-3C71-4E67-A006-107672177120}.mingw_release|Win32.Build.0 = mingw_release|Win32
		{22C0E092-3C71-4E67-A006-107672177120}.mingw_shipping_dll|Win32.ActiveCfg = mingw_shipping_dll|Win32
		{22C0E092-3C71-4E67-A006-107672177120}.mingw_shipping_dll|Win32.Build.0 = mingw_shipping_dll|Win32
		{22C0E092-3C71-4E67-A006-107672177120}.mingw_shipping|Win32.ActiveCfg = mingw_shipping|Win32
		{22C0E092-3C71-4E67-A006-107672177120}.mingw_shipping|Win32.Build.0 = mingw_shipping|Win32
		{22C0E092-3C71-4E67-A006-107672177120}.msvc_debug_dll|Win32.ActiveCfg = msvc_debug_dll|Win32
		{22C0E092-3C71-4E67-A006-107672177120}.msvc_debug_dll|Win32.Build.0 = msvc_debug_dll|Win32
		{22C0E092-3C71-4E67-A006-107672177120}.msvc_debug|Win32.ActiveCfg = msvc_debug|Win32
		{22C0E092-3C71-4E67-A006-107672177120}.msvc_debug|Win32.Build.0 = msvc_debug|Win32
		{22C0E092-3C71-4E67-A006-107672177120}.msvc_release_dll|Win32.ActiveCfg = msvc_release_dll|Win32
		{22C0E092-3C71-4E67-A006-107672177120}.msvc_release_dll|Win32.Build.0 = msvc_release_dll|Win32
		{22C0E092-3C71-4E67-A006-107672177120}.msvc_release|Win32.ActiveCfg = msvc_release|Win32
		{22C0E092-3C71-4E67-A006-107672177120}.msvc_release|Win32.Build.0 = msvc_release|Win32
		{22C0E092-3C71-4E67-A006-107672177120}.msvc_shipping_dll|Win32.ActiveCfg = msvc_shipping_dll|Win32
		{22C0E092-3C71-4E67-A006-107672177120}.msvc_shipping_dll|Win32.Build.0 = msvc_shipping_dll|Win32
		{22C0E092-3C71-4E67-A006-107672177120}.msvc_shipping|Win32.ActiveCfg = msvc_shipping|Win32
		{22C0E092-3C71-4E67-A006-107672177120}.msvc_shipping|Win32.Build.0 = msvc_shipping|Win32
		{C034CA87-4751-49F5-8AA5-5E2FDD66030D}.mingw_debug_dll|Win32.ActiveCfg = mingw_debug_dll|Win32
		{C034CA87-4751-49F5-8AA5-5E2FDD66030D}.mingw_debug_dll|Win32.Build.0 = mingw_debug_dll|Win32
		{C034CA87-4751-49F5-8AA5-5E2FDD66030D}.mingw_debug|Win32.ActiveCfg = mingw_debug|Win32
		{C034CA87-4751-49F5-8AA5-5E2FDD66030D}.mingw_debug|Win32.Build.0 = mingw_debug|Win32
		{C034CA87-4751-49F5-8AA5-5E2FDD66030D}.mingw_release_dll|Win32.ActiveCfg = mingw_release_dll|Win32
		{C034CA87-4751-49F5-8AA5-5E2FDD66030D}.mingw_release_dll|Win32.Build.0 = mingw_release_dll|Win32
		{C034CA87-4751-49F5-8AA5-5E2FDD66030D}.mingw_release|Win32.ActiveCfg = mingw_release|Win32
		{C034CA87-4751-49F5-8AA5-5E2FDD66030D}.mingw_release|Win32.Build.0 = mingw_release|Win32
		{C034CA87-4751-49F5-8AA5-5E2FDD66030D}.mingw_shipping_dll|Win32.ActiveCfg = mingw_shipping_dll|Win32
		{C034CA87-4751-49F5-8AA5-5E2FDD66030D}.mingw_shipping_dll|Win32.Build.0 = mingw_shipping_dll|Win32
		{C034CA87-4751-49F5-8AA5-5E2FDD66030D}.mingw_shipping|Win32.ActiveCfg = mingw_shipping|Win32
		{C034CA87-4751-49F5-8AA5-5E2FDD66030D}.mingw_shipping|Win32.Build.0 = mingw_shipping|Win32
		{C034CA87-4751-49F5-8AA5-5E2FDD66030D}.msvc_debug_dll|Win32.ActiveCfg = msvc_debug_dll|Win32
		{C034CA87-4751-49F5-8AA5-5E2FDD66030D}.msvc_debug_dll|Win32.Build.0 = msvc_debug_dll|Win32
		{C034CA87-4751-49F5-8AA5-5E2FDD66030D}.msvc_debug|Win32.ActiveCfg = msvc_debug|Win32
		{C034CA87-4751-49F5-8AA5-5E2FDD66030D}.msvc_debug|Win32.Build.0 = msvc_debug|Win32
		{C034CA87-4751-49F5-8AA5-5E2FDD66030D}.msvc_release_dll|Win32.ActiveCfg = msvc_release_dll|Win32
		{C034CA87-4751-49F5-8AA5-5E2FDD66030D}.msvc_release_dll|Win32.Build.0 = msvc_release_dll|Win32
		{C034CA87-4751-49F5-8AA5-5E2FDD66030D}.msvc_release|Win32.ActiveCfg = msvc_release|Win32
		{C034CA87-4751-49F5-8AA5-5E2FDD66030D}.msvc_release|Win32.Build.0 = msvc_release|Win32
		{C034CA87-4751-49F5-8AA5-5E2FDD66030D}.msvc_shipping_dll|Win32.ActiveCfg = msvc_shipping_dll|Win32
		{C034CA87-4751-49F5-8AA5-5E2FDD66030D}.msvc_shipping_dll|Win32.Build.0 = msvc_shipping_dll|Win32
		{C034CA87-4751-49F5-8AA5-5E2FDD66030D}.msvc_shipping|Win32.ActiveCfg = msvc_shipping|Win32
		{C034CA87-4751-49F5-8AA5-5E2FDD66030D}.msvc_shipping|Win32.Build.0 = msvc_shipping|Win32
		{1572B5DE-A4FC-43B0-AA0B-4978CDBBE6FD}.mingw_debug_dll|Win32.ActiveCfg = mingw_debug_dll|Win32
		{1572B5DE-A4FC-43B0-AA0B-4978CDBBE6FD}.mingw_debug_dll|Win32.Build.0 = mingw_debug_dll|Win32
		{1572B5DE-A4FC-43B0-AA0B-4978CDBBE6FD}.mingw_debug|Win32.ActiveCfg = mingw_debug|Win32
		{1572B5DE-A4FC-43B0-AA0B-4978CDBBE6FD}.mingw_debug|Win32.Build.0 = mingw_debug|Win32
		{1572B5DE-A4FC-43B0-AA0B-4978CDBBE6FD}.mingw_release_dll|Win32.ActiveCfg = mingw_release_dll|Win32
		{1572B5DE-A4FC-43B0-AA0B-4978CDBBE6FD}.mingw_release_dll|Win32.Build.0 = mingw_release_dll|Win32
		{1572B5DE-A4FC-43B0-AA0B-4978CDBBE6FD}.mingw_release|Win32.ActiveCfg = mingw_release|Win32
		{1572B5DE-A4FC-43B0-AA0B-4978CDBBE6FD}.mingw_release|Win32.Build.0 = mingw_release|Win32
		{1572B5DE-A4FC-43B0-AA0B-4978CDBBE6FD}.mingw_shipping_dll|Win32.ActiveCfg = mingw_shipping_dll|Win32
		{1572B5DE-A4FC-43B0-AA0B-4978CDBBE6FD}.mingw_shipping_dll|Win32.Build.0 = mingw_shipping_dll|Win32
		{1572B5DE-A4FC-43B0-AA0B-4978CDBBE6FD}.mingw_shipping|Win32.ActiveCfg = mingw_shipping|Win32
		{1572B5DE-A4FC-43B0-AA0B-4978CDBBE6FD}.mingw_shipping|Win32.Build.0 = mingw_shipping|Win32
		{1572B5DE-A4FC-43B0-AA0B-4978CDBBE6FD}.msvc_debug_dll|Win32.ActiveCfg = msvc_debug_dll|Win32
		{1572B5DE-A4FC-43B0-AA0B-4978CDBBE6FD}.msvc_debug_dll|Win32.Build.0 = msvc_debug_dll|Win32
		{1572B5DE-A4FC-43B0-AA0B-4978CDBBE6FD}.msvc_debug|Win32.ActiveCfg = msvc_debug|Win32
		{1572B5DE-A4FC-43B0-AA0B-4978CDBBE6FD}.msvc_debug|Win32.Build.0 = msvc_debug|Win32
		{1572B5DE-A4FC-43B0-AA0B-4978CDBBE6FD}.msvc_release_dll|Win32.ActiveCfg = msvc_release_dll|Win32
		{1572B5DE-A4FC-43B0-AA0B-4978CDBBE6FD}.msvc_release_dll|Win32.Build.0 = msvc_release_dll|Win32
		{1572B5DE-A4FC-43B0-AA0B-4978CDBBE6FD}.msvc_release|Win32.ActiveCfg = msvc_release|Win32
		{1572B5DE-A4FC-43B0-AA0B-4978CDBBE6FD}.msvc_release|Win32.Build.0 = msvc_release|Win32
		{1572B5DE-A4FC-43B0-AA0B-4978CDBBE6FD}.msvc_shipping_dll|Win32.ActiveCfg = msvc_shipping_dll|Win32
		{1572B5DE-A4FC-43B0-AA0B-4978CDBBE6FD}.msvc_shipping_dll|Win32.Build.0 = msvc_shipping_dll|Win32
		{1572B5DE-A4FC-43B0-AA0B-4978CDBBE6FD}.msvc_shipping|Win32.ActiveCfg = msvc_shipping|Win32
		{1572B5DE-A4FC-43B0-AA0B-4978CDBBE6FD}.msvc_shipping|Win32.Build.0 = msvc_shipping|Win32
		{1DAAE808-A910-480C-9A7D-E726CE296384}.mingw_debug_dll|Win32.ActiveCfg = mingw_debug_dll|Win32
		{1DAAE808-A910-480C-9A7D-E726CE296384}.mingw_debug_dll|Win32.Build.0 = mingw_debug_dll|Win32
		{1DAAE808-A910-480C-9A7D-E726CE296384}.mingw_debug|Win32.ActiveCfg = mingw_debug|Win32
		{1DAAE808-A910-480C-9A7D-E726CE296384}.mingw_debug|Win32.Build.0 = mingw_debug|Win32
		{1DAAE808-A910-480C-9A7D-E726CE296384}.mingw_release_dll|Win32.ActiveCfg = mingw_release_dll|Win32
		{1DAAE808-A910-480C-9A7D-E726CE296384}.mingw_release_dll|Win32.Build.0 = mingw_release_dll|Win32
		{1DAAE808-A910-480C-9A7D-E726CE296384}.mingw_release|Win32.ActiveCfg = mingw_release|Win32
		{1DAAE808-A910-480C-9A7D-E726CE296384}.mingw_release|Win32.Build.0 = mingw_release|Win32
		{1DAAE808-A910-480C-9A7D-E726CE296384}.mingw_shipping_dll|Win32.ActiveCfg = mingw_shipping_dll|Win32
		{1DAAE808-A910-480C-9A7D-E726CE296384}.mingw_shipping_dll|Win32.Build.0 = mingw_shipping_dll|Win32
		{1DAAE808-A910-480C-9A7D-E726CE296384}.mingw_shipping|Win32.ActiveCfg = mingw_shipping|Win32
		{1DAAE808-A910-480C-9A7D-E726CE296384}.mingw_shipping|Win32.Build.0 = mingw_shipping|Win32
		{1DAAE808-A910-480C-9A7D-E726CE296384}.msvc_debug_dll|Win32.ActiveCfg = msvc_debug_dll|Win32
		{1DAAE808-A910-480C-9A7D-E726CE296384}.msvc_debug_dll|Win32.Build.0 = msvc_debug_dll|Win32
		{1DAAE808-A910-480C-9A7D-E726CE296384}.msvc_debug|Win32.ActiveCfg = msvc_debug|Win32
		{1DAAE808-A910-480C-9A7D-E726CE296384}.msvc_debug|Win32.Build.0 = msvc_debug|Win32
		{1DAAE808-A910-480C-9A7D-E726CE296384}.msvc_release_dll|Win32.ActiveCfg = msvc_release_dll|Win32
		{1DAAE808-A910-480C-9A7D-E726CE296384}.msvc_release_dll|Win32.Build.0 = msvc_release_dll|Win32
		{1DAAE808-A910-480C-9A7D-E726CE296384}.msvc_release|Win32.ActiveCfg = msvc_release|Win32
		{1DAAE808-A910-480C-9A7D-E726CE296384}.msvc_release|Win32.Build.0 = msvc_release|Win32
		{1DAAE808-A910-480C-9A7D-E726CE296384}.msvc_shipping_dll|Win32.ActiveCfg = msvc_shipping_dll|Win32
		{1DAAE808-A910-480C-9A7D-E726CE296384}.msvc_shipping_dll|Win32.Build.0 = msvc_shipping_dll|Win32
		{1DAAE808-A910-480C-9A7D-E726CE296384}.msvc_shipping|Win32.ActiveCfg = msvc_shipping|Win32
		{1DAAE808-A910-480C-9A7D-E726CE296384}.msvc_shipping|Win32.Build.0 = msvc_shipping|Win32
		{700314B3-E8EA-4908-9BD2-355C247B0345}.mingw_debug_dll|Win32.ActiveCfg = mingw_debug_dll|Win32
		{700314B3-E8EA-4908-9BD2-355C247B0345}.mingw_debug_dll|Win32.Build.0 = mingw_debug_dll|Win32
		{700314B3-E8EA-4908-9BD2-355C247B0345}.mingw_debug|Win32.ActiveCfg = mingw_debug|Win32
		{700314B3-E8EA-4908-9BD2-355C247B0345}.mingw_debug|Win32.Build.0 = mingw_debug|Win32
		{700314B3-E8EA-4908-9BD2-355C247B0345}.mingw_release_dll|Win32.ActiveCfg = mingw_release_dll|Win32
		{700314B3-E8EA-4908-9BD2-355C247B0345}.mingw_release_dll|Win32.Build.0 = mingw_release_dll|Win32
		{700314B3-E8EA-4908-9BD2-355C247B0345}.mingw_release|Win32.ActiveCfg = mingw_release|Win32
		{700314B3-E8EA-4908-9BD2-355C247B0345}.mingw_release|Win32.Build.0 = mingw_release|Win32
		{700314B3-E8EA-4908-9BD2-355C247B0345}.mingw_shipping_dll|Win32.ActiveCfg = mingw_shipping_dll|Win32
		{700314B3-E8EA-4908-9BD2-355C247B0345}.mingw_shipping_dll|Win32.Build.0 = mingw_shipping_dll|Win32
		{700314B3-E8EA-4908-9BD2-355C247B0345}.mingw_shipping|Win32.ActiveCfg = mingw_shipping|Win32
		{700314B3-E8EA-4908-9BD2-355C247B0345}.mingw_shipping|Win32.Build.0 = mingw_shipping|Win32
		{700314B3-E8EA-4908-9BD2-355C247B0345}.msvc_debug_dll|Win32.ActiveCfg = msvc_debug_dll|Win32
		{700314B3-E8EA-4908-9BD2-355C247B0345}.msvc_debug_dll|Win32.Build.0 = msvc_debug_dll|Win32
		{700314B3-E8EA-4908-9BD2-355C247B0345}.msvc_debug|Win32.ActiveCfg = msvc_debug|Win32
		{700314B3-E8EA-4908-9BD2-355C247B0345}.msvc_debug|Win32.Build.0 = msvc_debug|Win32
		{700314B3-E8EA-4908-9BD2-355C247B0345}.msvc_release_dll|Win32.ActiveCfg = msvc_release_dll|Win32
		{700314B3-E8EA-4908-9BD2-355C247B0345}.msvc_release_dll|Win32.Build.0 = msvc_release_dll|Win32
		{700314B3-E8EA-4908-9BD2-355C247B0345}.msvc_release|Win32.ActiveCfg = msvc_release|Win32
		{700314B3-E8EA-4908-9BD2-355C247B0345}.msvc_release|Win32.Build.0 = msvc_release|Win32
		{700314B3-E8EA-4908-9BD2-355C247B0345}.msvc_shipping_dll|Win32.ActiveCfg = msvc_shipping_dll|Win32
		{700314B3-E8EA-4908-9BD2-355C247B0345}.msvc_shipping_dll|Win32.Build.0 = msvc_shipping_dll|Win32
		{700314B3-E8EA-4908-9BD2-355C247B0345}.msvc_shipping|Win32.ActiveCfg = msvc_shipping|Win32
		{700314B3-E8EA-4908-9BD2-355C247B0345}.msvc_shipping|Win32.Build.0 = msvc_shipping|Win32
	EndGlobalSection
	GlobalSection(SolutionProperties) = preSolution
		HideSolutionNode = FALSE
	EndGlobalSection
	GlobalSection(NestedProjects) = preSolution
		{DEBAA07A-F0D4-4886-A762-36E90DAC3BC9} = {5B580184-7AE3-4088-B2C6-F69A340894CF}
		{23AC11CD-67A9-4424-A424-F75863A461E3} = {64B915DB-33E3-40B9-9137-76B2C4C60D7F}
		{AF031C3E-2377-4ACE-868E-9AA0C07EB684} = {64B915DB-33E3-40B9-9137-76B2C4C60D7F}
		{FFEEFD08-E564-4BD6-BA86-3BCD0B46FD3C} = {012F5302-3B62-4C03-BBBD-30BE5EEC6B0F}
		{CC3FC3F1-4AD2-4E1C-8A00-1D65EFB94018} = {012F5302-3B62-4C03-BBBD-30BE5EEC6B0F}
		{7BA35131-9F4F-4AD4-AE63-18DA75779BC6} = {8CCC2785-E97A-42A0-9A88-61C8249419B3}
		{22C0E092-3C71-4E67-A006-107672177120} = {8CCC2785-E97A-42A0-9A88-61C8249419B3}
		{C034CA87-4751-49F5-8AA5-5E2FDD66030D} = {8CCC2785-E97A-42A0-9A88-61C8249419B3}
		{1572B5DE-A4FC-43B0-AA0B-4978CDBBE6FD} = {E2255C3B-E96E-4271-93EA-1726CE367A6F}
		{1DAAE808-A910-480C-9A7D-E726CE296384} = {E2255C3B-E96E-4271-93EA-1726CE367A6F}
		{700314B3-E8EA-4908-9BD2-355C247B0345} = {4B24355F-7250-440E-90A9-13FAC49322E3}
	EndGlobalSection
EndGlobal
